{
  "version": 4,
  "terraform_version": "1.14.8",
  "serial": 53,
  "lineage": "008f6c1d-2b68-e991-c671-0c92f951309d",
  "outputs": {
    "iam_instance_profile_name": {
      "value": "de-v10-2-dev-ray-node-profile",
      "type": "string"
    },
    "key_pair_name": {
      "value": "de-v10-2-dev-key",
      "type": "string"
    },
    "s3_bucket_arn": {
      "value": "arn:aws:s3:::de-v10-2-dev-training-27783968",
      "type": "string"
    },
    "s3_bucket_name": {
      "value": "de-v10-2-dev-training-27783968",
      "type": "string"
    },
    "vpc_id": {
      "value": "vpc-09a87c0c50609ba64",
      "type": "string"
    }
  },
  "resources": [
    {
      "mode": "managed",
      "type": "random_id",
      "name": "bucket_suffix",
      "provider": "provider[\"registry.terraform.io/hashicorp/random\"]",
      "instances": [
        {
          "schema_version": 0,
          "attributes": {
            "b64_std": "J3g5aA==",
            "b64_url": "J3g5aA",
            "byte_length": 4,
            "dec": "662190440",
            "hex": "27783968",
            "id": "J3g5aA",
            "keepers": null,
            "prefix": null
          },
          "sensitive_attributes": [],
          "identity_schema_version": 0
        }
      ]
    }
  ],
  "check_results": null
}
